
Microsoft Visual Studio Solution File, Format Version 12.00
# Visual Studio Version 17
VisualStudioVersion = 17.8.34322.80
MinimumVisualStudioVersion = 10.0.40219.1
Project("{9A19103F-16F7-4668-BE54-9A1E7A4F7556}") = "01.ReadText", "01.ReadText\01.ReadText.csproj", "{1143F282-8B98-468D-B836-BB11F2800118}"
EndProject
Project("{9A19103F-16F7-4668-BE54-9A1E7A4F7556}") = "02.Password", "02.Password\02.Password.csproj", "{79B8A90A-7CAE-4839-9320-A17CA2425AFB}"
EndProject
Project("{9A19103F-16F7-4668-BE54-9A1E7A4F7556}") = "03.SumNumbers", "03.SumNumbers\03.SumNumbers.csproj", "{510D5C5A-6A4B-4074-AEBF-FB553CE415DE}"
EndProject
Project("{9A19103F-16F7-4668-BE54-9A1E7A4F7556}") = "04.Sequence2kPlus1", "04.Sequence2kPlus1\04.Sequence2kPlus1.csproj", "{47517EBA-3F2B-4E2E-917B-91E1B58501E8}"
EndProject
Project("{9A19103F-16F7-4668-BE54-9A1E7A4F7556}") = "05.AccountBalance", "05.AccountBalance\05.AccountBalance.csproj", "{265DF323-30F7-4750-B26C-5711ACC5491E}"
EndProject
Project("{9A19103F-16F7-4668-BE54-9A1E7A4F7556}") = "06.MaxNumber", "06.MaxNumber\06.MaxNumber.csproj", "{8FA69AFE-ADD6-44F0-B3F1-BAFCC77E0E5D}"
EndProject
Project("{9A19103F-16F7-4668-BE54-9A1E7A4F7556}") = "07.MinNumber", "07.MinNumber\07.MinNumber.csproj", "{BBBA78CC-B39C-49BB-98B8-E61937595DD6}"
EndProject
Global
	GlobalSection(SolutionConfigurationPlatforms) = preSolution
		Debug|Any CPU = Debug|Any CPU
		Release|Any CPU = Release|Any CPU
	EndGlobalSection
	GlobalSection(ProjectConfigurationPlatforms) = postSolution
		{1143F282-8B98-468D-B836-BB11F2800118}.Debug|Any CPU.ActiveCfg = Debug|Any CPU
		{1143F282-8B98-468D-B836-BB11F2800118}.Debug|Any CPU.Build.0 = Debug|Any CPU
		{1143F282-8B98-468D-B836-BB11F2800118}.Release|Any CPU.ActiveCfg = Release|Any CPU
		{1143F282-8B98-468D-B836-BB11F2800118}.Release|Any CPU.Build.0 = Release|Any CPU
		{79B8A90A-7CAE-4839-9320-A17CA2425AFB}.Debug|Any CPU.ActiveCfg = Debug|Any CPU
		{79B8A90A-7CAE-4839-9320-A17CA2425AFB}.Debug|Any CPU.Build.0 = Debug|Any CPU
		{79B8A90A-7CAE-4839-9320-A17CA2425AFB}.Release|Any CPU.ActiveCfg = Release|Any CPU
		{79B8A90A-7CAE-4839-9320-A17CA2425AFB}.Release|Any CPU.Build.0 = Release|Any CPU
		{510D5C5A-6A4B-4074-AEBF-FB553CE415DE}.Debug|Any CPU.ActiveCfg = Debug|Any CPU
		{510D5C5A-6A4B-4074-AEBF-FB553CE415DE}.Debug|Any CPU.Build.0 = Debug|Any CPU
		{510D5C5A-6A4B-4074-AEBF-FB553CE415DE}.Release|Any CPU.ActiveCfg = Release|Any CPU
		{510D5C5A-6A4B-4074-AEBF-FB553CE415DE}.Release|Any CPU.Build.0 = Release|Any CPU
		{47517EBA-3F2B-4E2E-917B-91E1B58501E8}.Debug|Any CPU.ActiveCfg = Debug|Any CPU
		{47517EBA-3F2B-4E2E-917B-91E1B58501E8}.Debug|Any CPU.Build.0 = Debug|Any CPU
		{47517EBA-3F2B-4E2E-917B-91E1B58501E8}.Release|Any CPU.ActiveCfg = Release|Any CPU
		{47517EBA-3F2B-4E2E-917B-91E1B58501E8}.Release|Any CPU.Build.0 = Release|Any CPU
		{265DF323-30F7-4750-B26C-5711ACC5491E}.Debug|Any CPU.ActiveCfg = Debug|Any CPU
		{265DF323-30F7-4750-B26C-5711ACC5491E}.Debug|Any CPU.Build.0 = Debug|Any CPU
		{265DF323-30F7-4750-B26C-5711ACC5491E}.Release|Any CPU.ActiveCfg = Release|Any CPU
		{265DF323-30F7-4750-B26C-5711ACC5491E}.Release|Any CPU.Build.0 = Release|Any CPU
		{8FA69AFE-ADD6-44F0-B3F1-BAFCC77E0E5D}.Debug|Any CPU.ActiveCfg = Debug|Any CPU
		{8FA69AFE-ADD6-44F0-B3F1-BAFCC77E0E5D}.Debug|Any CPU.Build.0 = Debug|Any CPU
		{8FA69AFE-ADD6-44F0-B3F1-BAFCC77E0E5D}.Release|Any CPU.ActiveCfg = Release|Any CPU
		{8FA69AFE-ADD6-44F0-B3F1-BAFCC77E0E5D}.Release|Any CPU.Build.0 = Release|Any CPU
		{BBBA78CC-B39C-49BB-98B8-E61937595DD6}.Debug|Any CPU.ActiveCfg = Debug|Any CPU
		{BBBA78CC-B39C-49BB-98B8-E61937595DD6}.Debug|Any CPU.Build.0 = Debug|Any CPU
		{BBBA78CC-B39C-49BB-98B8-E61937595DD6}.Release|Any CPU.ActiveCfg = Release|Any CPU
		{BBBA78CC-B39C-49BB-98B8-E61937595DD6}.Release|Any CPU.Build.0 = Release|Any CPU
	EndGlobalSection
	GlobalSection(SolutionProperties) = preSolution
		HideSolutionNode = FALSE
	EndGlobalSection
	GlobalSection(ExtensibilityGlobals) = postSolution
		SolutionGuid = {7EA4BA4C-99AA-4AB4-B17F-C330AA069C8D}
	EndGlobalSection
EndGlobal
