
Microsoft Visual Studio Solution File, Format Version 12.00
# Visual Studio Version 17
VisualStudioVersion = 17.8.34322.80
MinimumVisualStudioVersion = 10.0.40219.1
Project("{FAE04EC0-301F-11D3-BF4B-00C04F79EFBC}") = "01.ExcellentResult", "01.ExcellentResult\01.ExcellentResult.csproj", "{45331598-80A6-450C-9D4E-AFDE2EDB2B73}"
EndProject
Project("{FAE04EC0-301F-11D3-BF4B-00C04F79EFBC}") = "02.GreaterNumber", "02.GreaterNumber\02.GreaterNumber.csproj", "{DE5F30D4-AF59-4A60-9033-B95A0220C311}"
EndProject
Project("{FAE04EC0-301F-11D3-BF4B-00C04F79EFBC}") = "03.EvenOrOdd", "03.EvenOrOdd\03.EvenOrOdd.csproj", "{DB9ED54D-2A96-4125-B852-2DFD90AE7207}"
EndProject
Project("{FAE04EC0-301F-11D3-BF4B-00C04F79EFBC}") = "04.PasswordGuess", "04.PasswordGuess\04.PasswordGuess.csproj", "{1ED4D88F-55CA-4E8E-8907-1A8F8CD03FC8}"
EndProject
Project("{FAE04EC0-301F-11D3-BF4B-00C04F79EFBC}") = "05.Number100To200", "05.Number100To200\05.Number100To200.csproj", "{EEB28A04-198D-4ED3-A666-F1E893F61128}"
EndProject
Global
	GlobalSection(SolutionConfigurationPlatforms) = preSolution
		Debug|Any CPU = Debug|Any CPU
		Release|Any CPU = Release|Any CPU
	EndGlobalSection
	GlobalSection(ProjectConfigurationPlatforms) = postSolution
		{45331598-80A6-450C-9D4E-AFDE2EDB2B73}.Debug|Any CPU.ActiveCfg = Debug|Any CPU
		{45331598-80A6-450C-9D4E-AFDE2EDB2B73}.Debug|Any CPU.Build.0 = Debug|Any CPU
		{45331598-80A6-450C-9D4E-AFDE2EDB2B73}.Release|Any CPU.ActiveCfg = Release|Any CPU
		{45331598-80A6-450C-9D4E-AFDE2EDB2B73}.Release|Any CPU.Build.0 = Release|Any CPU
		{DE5F30D4-AF59-4A60-9033-B95A0220C311}.Debug|Any CPU.ActiveCfg = Debug|Any CPU
		{DE5F30D4-AF59-4A60-9033-B95A0220C311}.Debug|Any CPU.Build.0 = Debug|Any CPU
		{DE5F30D4-AF59-4A60-9033-B95A0220C311}.Release|Any CPU.ActiveCfg = Release|Any CPU
		{DE5F30D4-AF59-4A60-9033-B95A0220C311}.Release|Any CPU.Build.0 = Release|Any CPU
		{DB9ED54D-2A96-4125-B852-2DFD90AE7207}.Debug|Any CPU.ActiveCfg = Debug|Any CPU
		{DB9ED54D-2A96-4125-B852-2DFD90AE7207}.Debug|Any CPU.Build.0 = Debug|Any CPU
		{DB9ED54D-2A96-4125-B852-2DFD90AE7207}.Release|Any CPU.ActiveCfg = Release|Any CPU
		{DB9ED54D-2A96-4125-B852-2DFD90AE7207}.Release|Any CPU.Build.0 = Release|Any CPU
		{1ED4D88F-55CA-4E8E-8907-1A8F8CD03FC8}.Debug|Any CPU.ActiveCfg = Debug|Any CPU
		{1ED4D88F-55CA-4E8E-8907-1A8F8CD03FC8}.Debug|Any CPU.Build.0 = Debug|Any CPU
		{1ED4D88F-55CA-4E8E-8907-1A8F8CD03FC8}.Release|Any CPU.ActiveCfg = Release|Any CPU
		{1ED4D88F-55CA-4E8E-8907-1A8F8CD03FC8}.Release|Any CPU.Build.0 = Release|Any CPU
		{EEB28A04-198D-4ED3-A666-F1E893F61128}.Debug|Any CPU.ActiveCfg = Debug|Any CPU
		{EEB28A04-198D-4ED3-A666-F1E893F61128}.Debug|Any CPU.Build.0 = Debug|Any CPU
		{EEB28A04-198D-4ED3-A666-F1E893F61128}.Release|Any CPU.ActiveCfg = Release|Any CPU
		{EEB28A04-198D-4ED3-A666-F1E893F61128}.Release|Any CPU.Build.0 = Release|Any CPU
	EndGlobalSection
	GlobalSection(SolutionProperties) = preSolution
		HideSolutionNode = FALSE
	EndGlobalSection
	GlobalSection(ExtensibilityGlobals) = postSolution
		SolutionGuid = {F52837F3-1DDC-4DE1-83F4-07FFEF536A60}
	EndGlobalSection
EndGlobal
