
Microsoft Visual Studio Solution File, Format Version 12.00
# Visual Studio Version 17
VisualStudioVersion = 17.8.34322.80
MinimumVisualStudioVersion = 10.0.40219.1
Project("{9A19103F-16F7-4668-BE54-9A1E7A4F7556}") = "01.SumSeconds", "01.SumSeconds\01.SumSeconds.csproj", "{978A0109-A707-4ED1-9EDA-DB929C1749CB}"
EndProject
Project("{9A19103F-16F7-4668-BE54-9A1E7A4F7556}") = "02.BonusScore", "02.BonusScore\02.BonusScore.csproj", "{0D89C866-195E-4943-A66F-95BEAD3797A6}"
EndProject
Project("{9A19103F-16F7-4668-BE54-9A1E7A4F7556}") = "03.TimePlus15Minutes", "03.TimePlus15Minutes\03.TimePlus15Minutes.csproj", "{B0F4734D-9D82-44E6-9A50-7B5CD164FF26}"
EndProject
Project("{9A19103F-16F7-4668-BE54-9A1E7A4F7556}") = "04.ToyShop", "04.ToyShop\04.ToyShop.csproj", "{CF7F4C39-7409-42AC-850B-CAE469E4C7B3}"
EndProject
Project("{9A19103F-16F7-4668-BE54-9A1E7A4F7556}") = "05.GodzillaVs.Kong", "05.GodzillaVs.Kong\05.GodzillaVs.Kong.csproj", "{D9EF0612-4848-4B02-9FD9-1C4E53E6B824}"
EndProject
Project("{9A19103F-16F7-4668-BE54-9A1E7A4F7556}") = "06.WorldSwimmingRecord", "06.WorldSwimmingRecord\06.WorldSwimmingRecord.csproj", "{98BC36B5-DAE9-4566-8CEC-E21375BBD685}"
EndProject
Project("{FAE04EC0-301F-11D3-BF4B-00C04F79EFBC}") = "07.Shopping", "07.Shopping\07.Shopping.csproj", "{CF0D3E37-3B47-43D2-BE41-81A1D0A4260A}"
EndProject
Project("{FAE04EC0-301F-11D3-BF4B-00C04F79EFBC}") = "08.LunchBreak", "08.LunchBreak\08.LunchBreak.csproj", "{3AC3450A-25B0-4285-A553-A1AD3CB6C3C1}"
EndProject
Global
	GlobalSection(SolutionConfigurationPlatforms) = preSolution
		Debug|Any CPU = Debug|Any CPU
		Release|Any CPU = Release|Any CPU
	EndGlobalSection
	GlobalSection(ProjectConfigurationPlatforms) = postSolution
		{978A0109-A707-4ED1-9EDA-DB929C1749CB}.Debug|Any CPU.ActiveCfg = Debug|Any CPU
		{978A0109-A707-4ED1-9EDA-DB929C1749CB}.Debug|Any CPU.Build.0 = Debug|Any CPU
		{978A0109-A707-4ED1-9EDA-DB929C1749CB}.Release|Any CPU.ActiveCfg = Release|Any CPU
		{978A0109-A707-4ED1-9EDA-DB929C1749CB}.Release|Any CPU.Build.0 = Release|Any CPU
		{0D89C866-195E-4943-A66F-95BEAD3797A6}.Debug|Any CPU.ActiveCfg = Debug|Any CPU
		{0D89C866-195E-4943-A66F-95BEAD3797A6}.Debug|Any CPU.Build.0 = Debug|Any CPU
		{0D89C866-195E-4943-A66F-95BEAD3797A6}.Release|Any CPU.ActiveCfg = Release|Any CPU
		{0D89C866-195E-4943-A66F-95BEAD3797A6}.Release|Any CPU.Build.0 = Release|Any CPU
		{B0F4734D-9D82-44E6-9A50-7B5CD164FF26}.Debug|Any CPU.ActiveCfg = Debug|Any CPU
		{B0F4734D-9D82-44E6-9A50-7B5CD164FF26}.Debug|Any CPU.Build.0 = Debug|Any CPU
		{B0F4734D-9D82-44E6-9A50-7B5CD164FF26}.Release|Any CPU.ActiveCfg = Release|Any CPU
		{B0F4734D-9D82-44E6-9A50-7B5CD164FF26}.Release|Any CPU.Build.0 = Release|Any CPU
		{CF7F4C39-7409-42AC-850B-CAE469E4C7B3}.Debug|Any CPU.ActiveCfg = Debug|Any CPU
		{CF7F4C39-7409-42AC-850B-CAE469E4C7B3}.Debug|Any CPU.Build.0 = Debug|Any CPU
		{CF7F4C39-7409-42AC-850B-CAE469E4C7B3}.Release|Any CPU.ActiveCfg = Release|Any CPU
		{CF7F4C39-7409-42AC-850B-CAE469E4C7B3}.Release|Any CPU.Build.0 = Release|Any CPU
		{D9EF0612-4848-4B02-9FD9-1C4E53E6B824}.Debug|Any CPU.ActiveCfg = Debug|Any CPU
		{D9EF0612-4848-4B02-9FD9-1C4E53E6B824}.Debug|Any CPU.Build.0 = Debug|Any CPU
		{D9EF0612-4848-4B02-9FD9-1C4E53E6B824}.Release|Any CPU.ActiveCfg = Release|Any CPU
		{D9EF0612-4848-4B02-9FD9-1C4E53E6B824}.Release|Any CPU.Build.0 = Release|Any CPU
		{98BC36B5-DAE9-4566-8CEC-E21375BBD685}.Debug|Any CPU.ActiveCfg = Debug|Any CPU
		{98BC36B5-DAE9-4566-8CEC-E21375BBD685}.Debug|Any CPU.Build.0 = Debug|Any CPU
		{98BC36B5-DAE9-4566-8CEC-E21375BBD685}.Release|Any CPU.ActiveCfg = Release|Any CPU
		{98BC36B5-DAE9-4566-8CEC-E21375BBD685}.Release|Any CPU.Build.0 = Release|Any CPU
		{CF0D3E37-3B47-43D2-BE41-81A1D0A4260A}.Debug|Any CPU.ActiveCfg = Debug|Any CPU
		{CF0D3E37-3B47-43D2-BE41-81A1D0A4260A}.Debug|Any CPU.Build.0 = Debug|Any CPU
		{CF0D3E37-3B47-43D2-BE41-81A1D0A4260A}.Release|Any CPU.ActiveCfg = Release|Any CPU
		{CF0D3E37-3B47-43D2-BE41-81A1D0A4260A}.Release|Any CPU.Build.0 = Release|Any CPU
		{3AC3450A-25B0-4285-A553-A1AD3CB6C3C1}.Debug|Any CPU.ActiveCfg = Debug|Any CPU
		{3AC3450A-25B0-4285-A553-A1AD3CB6C3C1}.Debug|Any CPU.Build.0 = Debug|Any CPU
		{3AC3450A-25B0-4285-A553-A1AD3CB6C3C1}.Release|Any CPU.ActiveCfg = Release|Any CPU
		{3AC3450A-25B0-4285-A553-A1AD3CB6C3C1}.Release|Any CPU.Build.0 = Release|Any CPU
	EndGlobalSection
	GlobalSection(SolutionProperties) = preSolution
		HideSolutionNode = FALSE
	EndGlobalSection
	GlobalSection(ExtensibilityGlobals) = postSolution
		SolutionGuid = {609177B8-1DA4-490B-9C5A-D2E40C334708}
	EndGlobalSection
EndGlobal
