
Microsoft Visual Studio Solution File, Format Version 12.00
# Visual Studio Version 17
VisualStudioVersion = 17.8.34322.80
MinimumVisualStudioVersion = 10.0.40219.1
Project("{9A19103F-16F7-4668-BE54-9A1E7A4F7556}") = "01.USDToBGN", "01.USDToBGN\01.USDToBGN.csproj", "{F7C162BE-392F-4B3F-AB4B-5159EFEA49F4}"
EndProject
Project("{9A19103F-16F7-4668-BE54-9A1E7A4F7556}") = "02.RadiansToDegrees", "02.RadiansToDegrees\02.RadiansToDegrees.csproj", "{BBD0268A-7672-4BCB-A507-22064BF69CA2}"
EndProject
Project("{FAE04EC0-301F-11D3-BF4B-00C04F79EFBC}") = "03.DepositCalculator", "03.DepositCalculator\03.DepositCalculator.csproj", "{2E152010-F459-4A8D-8D67-C810B1342FF4}"
EndProject
Project("{FAE04EC0-301F-11D3-BF4B-00C04F79EFBC}") = "04.VacationBooksList", "04.VacationBooksList\04.VacationBooksList.csproj", "{EFAB6293-6181-455A-8D1C-669A4BD267CA}"
EndProject
Global
	GlobalSection(SolutionConfigurationPlatforms) = preSolution
		Debug|Any CPU = Debug|Any CPU
		Release|Any CPU = Release|Any CPU
	EndGlobalSection
	GlobalSection(ProjectConfigurationPlatforms) = postSolution
		{F7C162BE-392F-4B3F-AB4B-5159EFEA49F4}.Debug|Any CPU.ActiveCfg = Debug|Any CPU
		{F7C162BE-392F-4B3F-AB4B-5159EFEA49F4}.Debug|Any CPU.Build.0 = Debug|Any CPU
		{F7C162BE-392F-4B3F-AB4B-5159EFEA49F4}.Release|Any CPU.ActiveCfg = Release|Any CPU
		{F7C162BE-392F-4B3F-AB4B-5159EFEA49F4}.Release|Any CPU.Build.0 = Release|Any CPU
		{BBD0268A-7672-4BCB-A507-22064BF69CA2}.Debug|Any CPU.ActiveCfg = Debug|Any CPU
		{BBD0268A-7672-4BCB-A507-22064BF69CA2}.Debug|Any CPU.Build.0 = Debug|Any CPU
		{BBD0268A-7672-4BCB-A507-22064BF69CA2}.Release|Any CPU.ActiveCfg = Release|Any CPU
		{BBD0268A-7672-4BCB-A507-22064BF69CA2}.Release|Any CPU.Build.0 = Release|Any CPU
		{2E152010-F459-4A8D-8D67-C810B1342FF4}.Debug|Any CPU.ActiveCfg = Debug|Any CPU
		{2E152010-F459-4A8D-8D67-C810B1342FF4}.Debug|Any CPU.Build.0 = Debug|Any CPU
		{2E152010-F459-4A8D-8D67-C810B1342FF4}.Release|Any CPU.ActiveCfg = Release|Any CPU
		{2E152010-F459-4A8D-8D67-C810B1342FF4}.Release|Any CPU.Build.0 = Release|Any CPU
		{EFAB6293-6181-455A-8D1C-669A4BD267CA}.Debug|Any CPU.ActiveCfg = Debug|Any CPU
		{EFAB6293-6181-455A-8D1C-669A4BD267CA}.Debug|Any CPU.Build.0 = Debug|Any CPU
		{EFAB6293-6181-455A-8D1C-669A4BD267CA}.Release|Any CPU.ActiveCfg = Release|Any CPU
		{EFAB6293-6181-455A-8D1C-669A4BD267CA}.Release|Any CPU.Build.0 = Release|Any CPU
	EndGlobalSection
	GlobalSection(SolutionProperties) = preSolution
		HideSolutionNode = FALSE
	EndGlobalSection
	GlobalSection(ExtensibilityGlobals) = postSolution
		SolutionGuid = {01BEB0B2-D324-4CE5-98C5-0A759B7D835B}
	EndGlobalSection
EndGlobal
