
Microsoft Visual Studio Solution File, Format Version 12.00
# Visual Studio Version 17
VisualStudioVersion = 17.8.34322.80
MinimumVisualStudioVersion = 10.0.40219.1
Project("{9A19103F-16F7-4668-BE54-9A1E7A4F7556}") = "01.NumbersEndingIn7", "01.NumbersEndingIn7\01.NumbersEndingIn7.csproj", "{D054549E-A34F-405C-80AD-6CF6BCDCC9A9}"
EndProject
Project("{9A19103F-16F7-4668-BE54-9A1E7A4F7556}") = "02.HalfSumElement", "02.HalfSumElement\02.HalfSumElement.csproj", "{D8F60430-EB86-4D4B-9D7C-3F0B1FC473CA}"
EndProject
Project("{9A19103F-16F7-4668-BE54-9A1E7A4F7556}") = "03.Histogram", "03.Histogram\03.Histogram.csproj", "{63DE83B0-FDF5-4263-93A5-031D6BF672CC}"
EndProject
Project("{9A19103F-16F7-4668-BE54-9A1E7A4F7556}") = "04.CleverLily", "04.CleverLily\04.CleverLily.csproj", "{ABE3FBE4-A739-4159-97A6-AD2E1EEF8885}"
EndProject
Project("{FAE04EC0-301F-11D3-BF4B-00C04F79EFBC}") = "05.Salary1", "05.Salary1\05.Salary1.csproj", "{A04282C8-1719-4BBB-8213-8E0694433FFE}"
EndProject
Project("{FAE04EC0-301F-11D3-BF4B-00C04F79EFBC}") = "06.Oscars", "06.Oscars\06.Oscars.csproj", "{672937F2-A622-43D6-B6CC-A6946B5705C6}"
EndProject
Project("{FAE04EC0-301F-11D3-BF4B-00C04F79EFBC}") = "07.TrekkingMania", "07.TrekkingMania\07.TrekkingMania.csproj", "{FD2D896D-F2EF-4057-95FA-FA63777DFDC5}"
EndProject
Project("{FAE04EC0-301F-11D3-BF4B-00C04F79EFBC}") = "08.TennisRanklist", "08.TennisRanklist\08.TennisRanklist.csproj", "{929BEAC1-FBF5-43EF-81CB-D69289F7F8B7}"
EndProject
Global
	GlobalSection(SolutionConfigurationPlatforms) = preSolution
		Debug|Any CPU = Debug|Any CPU
		Release|Any CPU = Release|Any CPU
	EndGlobalSection
	GlobalSection(ProjectConfigurationPlatforms) = postSolution
		{D054549E-A34F-405C-80AD-6CF6BCDCC9A9}.Debug|Any CPU.ActiveCfg = Debug|Any CPU
		{D054549E-A34F-405C-80AD-6CF6BCDCC9A9}.Debug|Any CPU.Build.0 = Debug|Any CPU
		{D054549E-A34F-405C-80AD-6CF6BCDCC9A9}.Release|Any CPU.ActiveCfg = Release|Any CPU
		{D054549E-A34F-405C-80AD-6CF6BCDCC9A9}.Release|Any CPU.Build.0 = Release|Any CPU
		{D8F60430-EB86-4D4B-9D7C-3F0B1FC473CA}.Debug|Any CPU.ActiveCfg = Debug|Any CPU
		{D8F60430-EB86-4D4B-9D7C-3F0B1FC473CA}.Debug|Any CPU.Build.0 = Debug|Any CPU
		{D8F60430-EB86-4D4B-9D7C-3F0B1FC473CA}.Release|Any CPU.ActiveCfg = Release|Any CPU
		{D8F60430-EB86-4D4B-9D7C-3F0B1FC473CA}.Release|Any CPU.Build.0 = Release|Any CPU
		{63DE83B0-FDF5-4263-93A5-031D6BF672CC}.Debug|Any CPU.ActiveCfg = Debug|Any CPU
		{63DE83B0-FDF5-4263-93A5-031D6BF672CC}.Debug|Any CPU.Build.0 = Debug|Any CPU
		{63DE83B0-FDF5-4263-93A5-031D6BF672CC}.Release|Any CPU.ActiveCfg = Release|Any CPU
		{63DE83B0-FDF5-4263-93A5-031D6BF672CC}.Release|Any CPU.Build.0 = Release|Any CPU
		{ABE3FBE4-A739-4159-97A6-AD2E1EEF8885}.Debug|Any CPU.ActiveCfg = Debug|Any CPU
		{ABE3FBE4-A739-4159-97A6-AD2E1EEF8885}.Debug|Any CPU.Build.0 = Debug|Any CPU
		{ABE3FBE4-A739-4159-97A6-AD2E1EEF8885}.Release|Any CPU.ActiveCfg = Release|Any CPU
		{ABE3FBE4-A739-4159-97A6-AD2E1EEF8885}.Release|Any CPU.Build.0 = Release|Any CPU
		{A04282C8-1719-4BBB-8213-8E0694433FFE}.Debug|Any CPU.ActiveCfg = Debug|Any CPU
		{A04282C8-1719-4BBB-8213-8E0694433FFE}.Debug|Any CPU.Build.0 = Debug|Any CPU
		{A04282C8-1719-4BBB-8213-8E0694433FFE}.Release|Any CPU.ActiveCfg = Release|Any CPU
		{A04282C8-1719-4BBB-8213-8E0694433FFE}.Release|Any CPU.Build.0 = Release|Any CPU
		{672937F2-A622-43D6-B6CC-A6946B5705C6}.Debug|Any CPU.ActiveCfg = Debug|Any CPU
		{672937F2-A622-43D6-B6CC-A6946B5705C6}.Debug|Any CPU.Build.0 = Debug|Any CPU
		{672937F2-A622-43D6-B6CC-A6946B5705C6}.Release|Any CPU.ActiveCfg = Release|Any CPU
		{672937F2-A622-43D6-B6CC-A6946B5705C6}.Release|Any CPU.Build.0 = Release|Any CPU
		{FD2D896D-F2EF-4057-95FA-FA63777DFDC5}.Debug|Any CPU.ActiveCfg = Debug|Any CPU
		{FD2D896D-F2EF-4057-95FA-FA63777DFDC5}.Debug|Any CPU.Build.0 = Debug|Any CPU
		{FD2D896D-F2EF-4057-95FA-FA63777DFDC5}.Release|Any CPU.ActiveCfg = Release|Any CPU
		{FD2D896D-F2EF-4057-95FA-FA63777DFDC5}.Release|Any CPU.Build.0 = Release|Any CPU
		{929BEAC1-FBF5-43EF-81CB-D69289F7F8B7}.Debug|Any CPU.ActiveCfg = Debug|Any CPU
		{929BEAC1-FBF5-43EF-81CB-D69289F7F8B7}.Debug|Any CPU.Build.0 = Debug|Any CPU
		{929BEAC1-FBF5-43EF-81CB-D69289F7F8B7}.Release|Any CPU.ActiveCfg = Release|Any CPU
		{929BEAC1-FBF5-43EF-81CB-D69289F7F8B7}.Release|Any CPU.Build.0 = Release|Any CPU
	EndGlobalSection
	GlobalSection(SolutionProperties) = preSolution
		HideSolutionNode = FALSE
	EndGlobalSection
	GlobalSection(ExtensibilityGlobals) = postSolution
		SolutionGuid = {DD52E32B-B0D2-4736-AE26-F4516336D516}
	EndGlobalSection
EndGlobal
