
Microsoft Visual Studio Solution File, Format Version 12.00
# Visual Studio Version 17
VisualStudioVersion = 17.8.34322.80
MinimumVisualStudioVersion = 10.0.40219.1
Project("{9A19103F-16F7-4668-BE54-9A1E7A4F7556}") = "01.USDToBGN", "01.USDToBGN\01.USDToBGN.csproj", "{F7C162BE-392F-4B3F-AB4B-5159EFEA49F4}"
EndProject
Project("{9A19103F-16F7-4668-BE54-9A1E7A4F7556}") = "02.RadiansToDegrees", "02.RadiansToDegrees\02.RadiansToDegrees.csproj", "{BBD0268A-7672-4BCB-A507-22064BF69CA2}"
EndProject
Project("{9A19103F-16F7-4668-BE54-9A1E7A4F7556}") = "03.DepositCalculator", "03.DepositCalculator\03.DepositCalculator.csproj", "{2E152010-F459-4A8D-8D67-C810B1342FF4}"
EndProject
Project("{9A19103F-16F7-4668-BE54-9A1E7A4F7556}") = "04.VacationBooksList", "04.VacationBooksList\04.VacationBooksList.csproj", "{EFAB6293-6181-455A-8D1C-669A4BD267CA}"
EndProject
Project("{9A19103F-16F7-4668-BE54-9A1E7A4F7556}") = "05.SuppliesForSchool", "05.SuppliesForSchool\05.SuppliesForSchool.csproj", "{15F758A7-E6E2-4819-9B81-7200CFC96BAB}"
EndProject
Project("{9A19103F-16F7-4668-BE54-9A1E7A4F7556}") = "06.Repainting", "06.Repainting\06.Repainting.csproj", "{F43E7815-8140-41D8-A1B3-5B3F1CB8A4EF}"
EndProject
Project("{FAE04EC0-301F-11D3-BF4B-00C04F79EFBC}") = "07.FoodDelivery", "07.FoodDelivery\07.FoodDelivery.csproj", "{37DC2E30-6AC6-4A7D-9016-DAFE25CF6FA4}"
EndProject
Project("{FAE04EC0-301F-11D3-BF4B-00C04F79EFBC}") = "08.BasketballEquipment", "08.BasketballEquipment\08.BasketballEquipment.csproj", "{0817CD7F-17C6-429E-84A5-2B4BA586F150}"
EndProject
Project("{FAE04EC0-301F-11D3-BF4B-00C04F79EFBC}") = "09.FishTank", "09.FishTank\09.FishTank.csproj", "{D0C3163F-B605-4821-B2E4-F50EA72C4615}"
EndProject
Global
	GlobalSection(SolutionConfigurationPlatforms) = preSolution
		Debug|Any CPU = Debug|Any CPU
		Release|Any CPU = Release|Any CPU
	EndGlobalSection
	GlobalSection(ProjectConfigurationPlatforms) = postSolution
		{F7C162BE-392F-4B3F-AB4B-5159EFEA49F4}.Debug|Any CPU.ActiveCfg = Debug|Any CPU
		{F7C162BE-392F-4B3F-AB4B-5159EFEA49F4}.Debug|Any CPU.Build.0 = Debug|Any CPU
		{F7C162BE-392F-4B3F-AB4B-5159EFEA49F4}.Release|Any CPU.ActiveCfg = Release|Any CPU
		{F7C162BE-392F-4B3F-AB4B-5159EFEA49F4}.Release|Any CPU.Build.0 = Release|Any CPU
		{BBD0268A-7672-4BCB-A507-22064BF69CA2}.Debug|Any CPU.ActiveCfg = Debug|Any CPU
		{BBD0268A-7672-4BCB-A507-22064BF69CA2}.Debug|Any CPU.Build.0 = Debug|Any CPU
		{BBD0268A-7672-4BCB-A507-22064BF69CA2}.Release|Any CPU.ActiveCfg = Release|Any CPU
		{BBD0268A-7672-4BCB-A507-22064BF69CA2}.Release|Any CPU.Build.0 = Release|Any CPU
		{2E152010-F459-4A8D-8D67-C810B1342FF4}.Debug|Any CPU.ActiveCfg = Debug|Any CPU
		{2E152010-F459-4A8D-8D67-C810B1342FF4}.Debug|Any CPU.Build.0 = Debug|Any CPU
		{2E152010-F459-4A8D-8D67-C810B1342FF4}.Release|Any CPU.ActiveCfg = Release|Any CPU
		{2E152010-F459-4A8D-8D67-C810B1342FF4}.Release|Any CPU.Build.0 = Release|Any CPU
		{EFAB6293-6181-455A-8D1C-669A4BD267CA}.Debug|Any CPU.ActiveCfg = Debug|Any CPU
		{EFAB6293-6181-455A-8D1C-669A4BD267CA}.Debug|Any CPU.Build.0 = Debug|Any CPU
		{EFAB6293-6181-455A-8D1C-669A4BD267CA}.Release|Any CPU.ActiveCfg = Release|Any CPU
		{EFAB6293-6181-455A-8D1C-669A4BD267CA}.Release|Any CPU.Build.0 = Release|Any CPU
		{15F758A7-E6E2-4819-9B81-7200CFC96BAB}.Debug|Any CPU.ActiveCfg = Debug|Any CPU
		{15F758A7-E6E2-4819-9B81-7200CFC96BAB}.Debug|Any CPU.Build.0 = Debug|Any CPU
		{15F758A7-E6E2-4819-9B81-7200CFC96BAB}.Release|Any CPU.ActiveCfg = Release|Any CPU
		{15F758A7-E6E2-4819-9B81-7200CFC96BAB}.Release|Any CPU.Build.0 = Release|Any CPU
		{F43E7815-8140-41D8-A1B3-5B3F1CB8A4EF}.Debug|Any CPU.ActiveCfg = Debug|Any CPU
		{F43E7815-8140-41D8-A1B3-5B3F1CB8A4EF}.Debug|Any CPU.Build.0 = Debug|Any CPU
		{F43E7815-8140-41D8-A1B3-5B3F1CB8A4EF}.Release|Any CPU.ActiveCfg = Release|Any CPU
		{F43E7815-8140-41D8-A1B3-5B3F1CB8A4EF}.Release|Any CPU.Build.0 = Release|Any CPU
		{37DC2E30-6AC6-4A7D-9016-DAFE25CF6FA4}.Debug|Any CPU.ActiveCfg = Debug|Any CPU
		{37DC2E30-6AC6-4A7D-9016-DAFE25CF6FA4}.Debug|Any CPU.Build.0 = Debug|Any CPU
		{37DC2E30-6AC6-4A7D-9016-DAFE25CF6FA4}.Release|Any CPU.ActiveCfg = Release|Any CPU
		{37DC2E30-6AC6-4A7D-9016-DAFE25CF6FA4}.Release|Any CPU.Build.0 = Release|Any CPU
		{0817CD7F-17C6-429E-84A5-2B4BA586F150}.Debug|Any CPU.ActiveCfg = Debug|Any CPU
		{0817CD7F-17C6-429E-84A5-2B4BA586F150}.Debug|Any CPU.Build.0 = Debug|Any CPU
		{0817CD7F-17C6-429E-84A5-2B4BA586F150}.Release|Any CPU.ActiveCfg = Release|Any CPU
		{0817CD7F-17C6-429E-84A5-2B4BA586F150}.Release|Any CPU.Build.0 = Release|Any CPU
		{D0C3163F-B605-4821-B2E4-F50EA72C4615}.Debug|Any CPU.ActiveCfg = Debug|Any CPU
		{D0C3163F-B605-4821-B2E4-F50EA72C4615}.Debug|Any CPU.Build.0 = Debug|Any CPU
		{D0C3163F-B605-4821-B2E4-F50EA72C4615}.Release|Any CPU.ActiveCfg = Release|Any CPU
		{D0C3163F-B605-4821-B2E4-F50EA72C4615}.Release|Any CPU.Build.0 = Release|Any CPU
	EndGlobalSection
	GlobalSection(SolutionProperties) = preSolution
		HideSolutionNode = FALSE
	EndGlobalSection
	GlobalSection(ExtensibilityGlobals) = postSolution
		SolutionGuid = {01BEB0B2-D324-4CE5-98C5-0A759B7D835B}
	EndGlobalSection
EndGlobal
